
Microsoft Visual Studio Solution File, Format Version 12.00
# Visual Studio 15
VisualStudioVersion = 15.0.28010.2036
MinimumVisualStudioVersion = 10.0.40219.1
Project("{FAE04EC0-301F-11D3-BF4B-00C04F79EFBC}") = "WindowsFormsApp3", "WindowsFormsApp3\WindowsFormsApp3.csproj", "{403EE589-DF1F-4379-8046-57917B1B371D}"
EndProject
Global
	GlobalSection(SolutionConfigurationPlatforms) = preSolution
		Debug|Any CPU = Debug|Any CPU
		Release|Any CPU = Release|Any CPU
	EndGlobalSection
	GlobalSection(ProjectConfigurationPlatforms) = postSolution
		{403EE589-DF1F-4379-8046-57917B1B371D}.Debug|Any CPU.ActiveCfg = Debug|Any CPU
		{403EE589-DF1F-4379-8046-57917B1B371D}.Debug|Any CPU.Build.0 = Debug|Any CPU
		{403EE589-DF1F-4379-8046-57917B1B371D}.Release|Any CPU.ActiveCfg = Release|Any CPU
		{403EE589-DF1F-4379-8046-57917B1B371D}.Release|Any CPU.Build.0 = Release|Any CPU
	EndGlobalSection
	GlobalSection(SolutionProperties) = preSolution
		HideSolutionNode = FALSE
	EndGlobalSection
	GlobalSection(ExtensibilityGlobals) = postSolution
		SolutionGuid = {89942003-18E0-441A-9812-58304976F38F}
	EndGlobalSection
EndGlobal
